
Microsoft Visual Studio Solution File, Format Version 12.00
# Visual Studio Version 17
VisualStudioVersion = 17.0.31903.59
MinimumVisualStudioVersion = 10.0.40219.1
Project("{FAE04EC0-301F-11D3-BF4B-00C04F79EFBC}") = "Chronos", "Chronos\Chronos.csproj", "{F618EA27-5C36-4BFE-B097-63B94472BA27}"
EndProject
Project("{FAE04EC0-301F-11D3-BF4B-00C04F79EFBC}") = "RandomTest", "RandomTest\RandomTest.csproj", "{77F0ECDF-605E-4D35-801D-5872216AD5F7}"
EndProject
Project("{FAE04EC0-301F-11D3-BF4B-00C04F79EFBC}") = "RandDice", "RandDice\RandDice.csproj", "{0281A391-063D-4462-A438-F7611C1E39A6}"
EndProject
Project("{FAE04EC0-301F-11D3-BF4B-00C04F79EFBC}") = "MyGame", "MyGame\MyGame.csproj", "{F7F21218-7E40-41BF-B6BC-AB62CA93B9F2}"
EndProject
Global
	GlobalSection(SolutionConfigurationPlatforms) = preSolution
		Debug|Any CPU = Debug|Any CPU
		Release|Any CPU = Release|Any CPU
	EndGlobalSection
	GlobalSection(SolutionProperties) = preSolution
		HideSolutionNode = FALSE
	EndGlobalSection
	GlobalSection(ProjectConfigurationPlatforms) = postSolution
		{F618EA27-5C36-4BFE-B097-63B94472BA27}.Debug|Any CPU.ActiveCfg = Debug|Any CPU
		{F618EA27-5C36-4BFE-B097-63B94472BA27}.Debug|Any CPU.Build.0 = Debug|Any CPU
		{F618EA27-5C36-4BFE-B097-63B94472BA27}.Release|Any CPU.ActiveCfg = Release|Any CPU
		{F618EA27-5C36-4BFE-B097-63B94472BA27}.Release|Any CPU.Build.0 = Release|Any CPU
		{77F0ECDF-605E-4D35-801D-5872216AD5F7}.Debug|Any CPU.ActiveCfg = Debug|Any CPU
		{77F0ECDF-605E-4D35-801D-5872216AD5F7}.Debug|Any CPU.Build.0 = Debug|Any CPU
		{77F0ECDF-605E-4D35-801D-5872216AD5F7}.Release|Any CPU.ActiveCfg = Release|Any CPU
		{77F0ECDF-605E-4D35-801D-5872216AD5F7}.Release|Any CPU.Build.0 = Release|Any CPU
		{0281A391-063D-4462-A438-F7611C1E39A6}.Debug|Any CPU.ActiveCfg = Debug|Any CPU
		{0281A391-063D-4462-A438-F7611C1E39A6}.Debug|Any CPU.Build.0 = Debug|Any CPU
		{0281A391-063D-4462-A438-F7611C1E39A6}.Release|Any CPU.ActiveCfg = Release|Any CPU
		{0281A391-063D-4462-A438-F7611C1E39A6}.Release|Any CPU.Build.0 = Release|Any CPU
		{F7F21218-7E40-41BF-B6BC-AB62CA93B9F2}.Debug|Any CPU.ActiveCfg = Debug|Any CPU
		{F7F21218-7E40-41BF-B6BC-AB62CA93B9F2}.Debug|Any CPU.Build.0 = Debug|Any CPU
		{F7F21218-7E40-41BF-B6BC-AB62CA93B9F2}.Release|Any CPU.ActiveCfg = Release|Any CPU
		{F7F21218-7E40-41BF-B6BC-AB62CA93B9F2}.Release|Any CPU.Build.0 = Release|Any CPU
	EndGlobalSection
EndGlobal
